
Microsoft Visual Studio Solution File, Format Version 12.00
# Visual Studio Version 17
VisualStudioVersion = 17.6.33801.468
MinimumVisualStudioVersion = 10.0.40219.1
Project("{FAE04EC0-301F-11D3-BF4B-00C04F79EFBC}") = "TiendaApi", "TiendaApi.csproj", "{ECC3866F-6C65-41FF-B7A0-95A1D6A16463}"
EndProject
Global
	GlobalSection(SolutionConfigurationPlatforms) = preSolution
		Debug|Any CPU = Debug|Any CPU
		Release|Any CPU = Release|Any CPU
	EndGlobalSection
	GlobalSection(ProjectConfigurationPlatforms) = postSolution
		{ECC3866F-6C65-41FF-B7A0-95A1D6A16463}.Debug|Any CPU.ActiveCfg = Debug|Any CPU
		{ECC3866F-6C65-41FF-B7A0-95A1D6A16463}.Debug|Any CPU.Build.0 = Debug|Any CPU
		{ECC3866F-6C65-41FF-B7A0-95A1D6A16463}.Release|Any CPU.ActiveCfg = Release|Any CPU
		{ECC3866F-6C65-41FF-B7A0-95A1D6A16463}.Release|Any CPU.Build.0 = Release|Any CPU
	EndGlobalSection
	GlobalSection(SolutionProperties) = preSolution
		HideSolutionNode = FALSE
	EndGlobalSection
	GlobalSection(ExtensibilityGlobals) = postSolution
		SolutionGuid = {B1D65593-87C0-4749-B0F5-55B1A372B6D4}
	EndGlobalSection
EndGlobal
